
Microsoft Visual Studio Solution File, Format Version 12.00
# Visual Studio Version 17
VisualStudioVersion = 17.4.33213.308
MinimumVisualStudioVersion = 10.0.40219.1
Project("{FAE04EC0-301F-11D3-BF4B-00C04F79EFBC}") = "server", "server.csproj", "{05553F0E-7C6F-4FC0-84C8-C7D6D7DDDE00}"
EndProject
Global
	GlobalSection(SolutionConfigurationPlatforms) = preSolution
		Debug|Any CPU = Debug|Any CPU
		Release|Any CPU = Release|Any CPU
	EndGlobalSection
	GlobalSection(ProjectConfigurationPlatforms) = postSolution
		{05553F0E-7C6F-4FC0-84C8-C7D6D7DDDE00}.Debug|Any CPU.ActiveCfg = Debug|Any CPU
		{05553F0E-7C6F-4FC0-84C8-C7D6D7DDDE00}.Debug|Any CPU.Build.0 = Debug|Any CPU
		{05553F0E-7C6F-4FC0-84C8-C7D6D7DDDE00}.Release|Any CPU.ActiveCfg = Release|Any CPU
		{05553F0E-7C6F-4FC0-84C8-C7D6D7DDDE00}.Release|Any CPU.Build.0 = Release|Any CPU
	EndGlobalSection
	GlobalSection(SolutionProperties) = preSolution
		HideSolutionNode = FALSE
	EndGlobalSection
	GlobalSection(ExtensibilityGlobals) = postSolution
		SolutionGuid = {5606C173-912A-43C5-870E-B0113B172421}
	EndGlobalSection
EndGlobal
